<?xml version="1.0" encoding="utf-8"?>
<Project ToolsVersion="4.0" xmlns="http://schemas.microsoft.com/developer/msbuild/2003">
  <ItemGroup>
    <CudaCompile Include="main.cu" />
    <CudaCompile Include="Sobel_Kernel.cu" />
  </ItemGroup>
  <ItemGroup>
    <ClCompile Include="Sobel.cpp" />
    <ClCompile Include="Sobel_Gold.cpp" />
  </ItemGroup>
  <ItemGroup>
    <ClInclude Include="Sobel.h" />
  </ItemGroup>
</Project>